
Microsoft Visual Studio Solution File, Format Version 12.00
# Visual Studio Version 16
VisualStudioVersion = 16.0.31205.134
MinimumVisualStudioVersion = 10.0.40219.1
Project("{FAE04EC0-301F-11D3-BF4B-00C04F79EFBC}") = "Veterinaria_Form", "Veterinaria_Form\Veterinaria_Form.csproj", "{6C12D909-1A0A-4703-900A-9C2BD7AF5DC6}"
EndProject
Global
	GlobalSection(SolutionConfigurationPlatforms) = preSolution
		Debug|Any CPU = Debug|Any CPU
		Release|Any CPU = Release|Any CPU
	EndGlobalSection
	GlobalSection(ProjectConfigurationPlatforms) = postSolution
		{6C12D909-1A0A-4703-900A-9C2BD7AF5DC6}.Debug|Any CPU.ActiveCfg = Debug|Any CPU
		{6C12D909-1A0A-4703-900A-9C2BD7AF5DC6}.Debug|Any CPU.Build.0 = Debug|Any CPU
		{6C12D909-1A0A-4703-900A-9C2BD7AF5DC6}.Release|Any CPU.ActiveCfg = Release|Any CPU
		{6C12D909-1A0A-4703-900A-9C2BD7AF5DC6}.Release|Any CPU.Build.0 = Release|Any CPU
	EndGlobalSection
	GlobalSection(SolutionProperties) = preSolution
		HideSolutionNode = FALSE
	EndGlobalSection
	GlobalSection(ExtensibilityGlobals) = postSolution
		SolutionGuid = {9A177689-FCAD-405C-AB7C-9C120BB7674B}
	EndGlobalSection
EndGlobal
