
Microsoft Visual Studio Solution File, Format Version 12.00
# Visual Studio Version 16
VisualStudioVersion = 16.0.31205.134
MinimumVisualStudioVersion = 10.0.40219.1
Project("{9A19103F-16F7-4668-BE54-9A1E7A4F7556}") = "VeterinariaBack", "VeterinariaBack\VeterinariaBack.csproj", "{1D78754E-2165-47FE-BFE8-C1C333A389D4}"
EndProject
Project("{9A19103F-16F7-4668-BE54-9A1E7A4F7556}") = "VeterinariaWebAPI", "VeterinariaWebAPI\VeterinariaWebAPI.csproj", "{32E95D21-461B-454B-B362-43D5D6C9EC6B}"
EndProject
Project("{FAE04EC0-301F-11D3-BF4B-00C04F79EFBC}") = "VeterinariaSLN", "VeterinariaSLN\VeterinariaSLN.csproj", "{BB4F3B03-4761-4554-A405-54A88CE739FE}"
EndProject
Global
	GlobalSection(SolutionConfigurationPlatforms) = preSolution
		Debug|Any CPU = Debug|Any CPU
		Release|Any CPU = Release|Any CPU
	EndGlobalSection
	GlobalSection(ProjectConfigurationPlatforms) = postSolution
		{1D78754E-2165-47FE-BFE8-C1C333A389D4}.Debug|Any CPU.ActiveCfg = Debug|Any CPU
		{1D78754E-2165-47FE-BFE8-C1C333A389D4}.Debug|Any CPU.Build.0 = Debug|Any CPU
		{1D78754E-2165-47FE-BFE8-C1C333A389D4}.Release|Any CPU.ActiveCfg = Release|Any CPU
		{1D78754E-2165-47FE-BFE8-C1C333A389D4}.Release|Any CPU.Build.0 = Release|Any CPU
		{32E95D21-461B-454B-B362-43D5D6C9EC6B}.Debug|Any CPU.ActiveCfg = Debug|Any CPU
		{32E95D21-461B-454B-B362-43D5D6C9EC6B}.Debug|Any CPU.Build.0 = Debug|Any CPU
		{32E95D21-461B-454B-B362-43D5D6C9EC6B}.Release|Any CPU.ActiveCfg = Release|Any CPU
		{32E95D21-461B-454B-B362-43D5D6C9EC6B}.Release|Any CPU.Build.0 = Release|Any CPU
		{BB4F3B03-4761-4554-A405-54A88CE739FE}.Debug|Any CPU.ActiveCfg = Debug|Any CPU
		{BB4F3B03-4761-4554-A405-54A88CE739FE}.Debug|Any CPU.Build.0 = Debug|Any CPU
		{BB4F3B03-4761-4554-A405-54A88CE739FE}.Release|Any CPU.ActiveCfg = Release|Any CPU
		{BB4F3B03-4761-4554-A405-54A88CE739FE}.Release|Any CPU.Build.0 = Release|Any CPU
	EndGlobalSection
	GlobalSection(SolutionProperties) = preSolution
		HideSolutionNode = FALSE
	EndGlobalSection
	GlobalSection(ExtensibilityGlobals) = postSolution
		SolutionGuid = {9A177689-FCAD-405C-AB7C-9C120BB7674B}
	EndGlobalSection
EndGlobal
